
Microsoft Visual Studio Solution File, Format Version 12.00
# Visual Studio Version 16
VisualStudioVersion = 16.0.31729.503
MinimumVisualStudioVersion = 10.0.40219.1
Project("{FAE04EC0-301F-11D3-BF4B-00C04F79EFBC}") = "ConditionalExcercises", "ConditionalExcercises\ConditionalExcercises.csproj", "{BC8F9F8C-A277-41CE-9E1C-673599032E3C}"
EndProject
Global
	GlobalSection(SolutionConfigurationPlatforms) = preSolution
		Debug|Any CPU = Debug|Any CPU
		Release|Any CPU = Release|Any CPU
	EndGlobalSection
	GlobalSection(ProjectConfigurationPlatforms) = postSolution
		{BC8F9F8C-A277-41CE-9E1C-673599032E3C}.Debug|Any CPU.ActiveCfg = Debug|Any CPU
		{BC8F9F8C-A277-41CE-9E1C-673599032E3C}.Debug|Any CPU.Build.0 = Debug|Any CPU
		{BC8F9F8C-A277-41CE-9E1C-673599032E3C}.Release|Any CPU.ActiveCfg = Release|Any CPU
		{BC8F9F8C-A277-41CE-9E1C-673599032E3C}.Release|Any CPU.Build.0 = Release|Any CPU
	EndGlobalSection
	GlobalSection(SolutionProperties) = preSolution
		HideSolutionNode = FALSE
	EndGlobalSection
	GlobalSection(ExtensibilityGlobals) = postSolution
		SolutionGuid = {FA967799-6060-4C28-AC68-3A2D9490F9BA}
	EndGlobalSection
EndGlobal
