
Microsoft Visual Studio Solution File, Format Version 12.00
# Visual Studio Version 16
VisualStudioVersion = 16.0.31729.503
MinimumVisualStudioVersion = 10.0.40219.1
Project("{FAE04EC0-301F-11D3-BF4B-00C04F79EFBC}") = "Loops", "Loops\Loops.csproj", "{BCDC28CE-8318-435F-BB52-4A6B31007A40}"
EndProject
Global
	GlobalSection(SolutionConfigurationPlatforms) = preSolution
		Debug|Any CPU = Debug|Any CPU
		Release|Any CPU = Release|Any CPU
	EndGlobalSection
	GlobalSection(ProjectConfigurationPlatforms) = postSolution
		{BCDC28CE-8318-435F-BB52-4A6B31007A40}.Debug|Any CPU.ActiveCfg = Debug|Any CPU
		{BCDC28CE-8318-435F-BB52-4A6B31007A40}.Debug|Any CPU.Build.0 = Debug|Any CPU
		{BCDC28CE-8318-435F-BB52-4A6B31007A40}.Release|Any CPU.ActiveCfg = Release|Any CPU
		{BCDC28CE-8318-435F-BB52-4A6B31007A40}.Release|Any CPU.Build.0 = Release|Any CPU
	EndGlobalSection
	GlobalSection(SolutionProperties) = preSolution
		HideSolutionNode = FALSE
	EndGlobalSection
	GlobalSection(ExtensibilityGlobals) = postSolution
		SolutionGuid = {872F0C2E-AE0E-4181-8E05-6C21C6CABF70}
	EndGlobalSection
EndGlobal
